# generated by rye
# use `rye lock` or `rye sync` to update this lockfile
#
# last locked with the following flags:
#   pre: false
#   features: []
#   all-features: false
#   with-sources: false

-e file:.
attrs==23.2.0
    # via inscar
importlib-metadata==7.0.1
    # via numba
llvmlite==0.41.1
    # via numba
numba==0.58.1
    # via inscar
numpy==1.24.4
    # via inscar
    # via numba
    # via scipy
scipy==1.10.1
    # via inscar
zipp==3.17.0
    # via importlib-metadata
